PODS:
  - FlutterMacOS (1.0.0)
  - whisper_flutter_new (0.0.1):
    - FlutterMacOS

DEPENDENCIES:
  - FlutterMacOS (from `Flutter/ephemeral`)
  - whisper_flutter_new (from `Flutter/ephemeral/.symlinks/plugins/whisper_flutter_new/macos`)

EXTERNAL SOURCES:
  FlutterMacOS:
    :path: Flutter/ephemeral
  whisper_flutter_new:
    :path: Flutter/ephemeral/.symlinks/plugins/whisper_flutter_new/macos

SPEC CHECKSUMS:
  FlutterMacOS: d0db08ddef1a9af05a5ec4b724367152bb0500b1
  whisper_flutter_new: d73daf7f6977167139555f841bd5b6bfbf4f9e3b

PODFILE CHECKSUM: 8c50722a24510f05d027b6274fbacc6f2b08ad77

COCOAPODS: 1.16.2
